
Microsoft Visual Studio Solution File, Format Version 12.00
# Visual Studio Version 16
VisualStudioVersion = 16.0.28803.202
MinimumVisualStudioVersion = 10.0.40219.1
Project("{FAE04EC0-301F-11D3-BF4B-00C04F79EFBC}") = "Ejercicio-49", "Ejercicio-49\Ejercicio-49.csproj", "{813FF631-BA06-43B9-B63D-EA18F0152EA4}"
EndProject
Global
	GlobalSection(SolutionConfigurationPlatforms) = preSolution
		Debug|Any CPU = Debug|Any CPU
		Release|Any CPU = Release|Any CPU
	EndGlobalSection
	GlobalSection(ProjectConfigurationPlatforms) = postSolution
		{813FF631-BA06-43B9-B63D-EA18F0152EA4}.Debug|Any CPU.ActiveCfg = Debug|Any CPU
		{813FF631-BA06-43B9-B63D-EA18F0152EA4}.Debug|Any CPU.Build.0 = Debug|Any CPU
		{813FF631-BA06-43B9-B63D-EA18F0152EA4}.Release|Any CPU.ActiveCfg = Release|Any CPU
		{813FF631-BA06-43B9-B63D-EA18F0152EA4}.Release|Any CPU.Build.0 = Release|Any CPU
	EndGlobalSection
	GlobalSection(SolutionProperties) = preSolution
		HideSolutionNode = FALSE
	EndGlobalSection
	GlobalSection(ExtensibilityGlobals) = postSolution
		SolutionGuid = {3EEC5CCC-73B3-4A24-9BF1-E3EEE26EA53D}
	EndGlobalSection
EndGlobal
