
Microsoft Visual Studio Solution File, Format Version 12.00
# Visual Studio Version 16
VisualStudioVersion = 16.0.28803.202
MinimumVisualStudioVersion = 10.0.40219.1
Project("{FAE04EC0-301F-11D3-BF4B-00C04F79EFBC}") = "Ejercicio-34", "Ejercicio-34\Ejercicio-34.csproj", "{56D74714-E05D-4BC7-BC49-C69F94F12729}"
EndProject
Global
	GlobalSection(SolutionConfigurationPlatforms) = preSolution
		Debug|Any CPU = Debug|Any CPU
		Release|Any CPU = Release|Any CPU
	EndGlobalSection
	GlobalSection(ProjectConfigurationPlatforms) = postSolution
		{56D74714-E05D-4BC7-BC49-C69F94F12729}.Debug|Any CPU.ActiveCfg = Debug|Any CPU
		{56D74714-E05D-4BC7-BC49-C69F94F12729}.Debug|Any CPU.Build.0 = Debug|Any CPU
		{56D74714-E05D-4BC7-BC49-C69F94F12729}.Release|Any CPU.ActiveCfg = Release|Any CPU
		{56D74714-E05D-4BC7-BC49-C69F94F12729}.Release|Any CPU.Build.0 = Release|Any CPU
	EndGlobalSection
	GlobalSection(SolutionProperties) = preSolution
		HideSolutionNode = FALSE
	EndGlobalSection
	GlobalSection(ExtensibilityGlobals) = postSolution
		SolutionGuid = {A6561237-1E25-402E-A57E-5053281B7356}
	EndGlobalSection
EndGlobal
