
Microsoft Visual Studio Solution File, Format Version 12.00
# Visual Studio Version 16
VisualStudioVersion = 16.0.28803.202
MinimumVisualStudioVersion = 10.0.40219.1
Project("{FAE04EC0-301F-11D3-BF4B-00C04F79EFBC}") = "Ejercicio-16", "Ejercicio-16\Ejercicio-16.csproj", "{D7993D4D-2F80-4308-8291-A3DF323D20C7}"
EndProject
Global
	GlobalSection(SolutionConfigurationPlatforms) = preSolution
		Debug|Any CPU = Debug|Any CPU
		Release|Any CPU = Release|Any CPU
	EndGlobalSection
	GlobalSection(ProjectConfigurationPlatforms) = postSolution
		{D7993D4D-2F80-4308-8291-A3DF323D20C7}.Debug|Any CPU.ActiveCfg = Debug|Any CPU
		{D7993D4D-2F80-4308-8291-A3DF323D20C7}.Debug|Any CPU.Build.0 = Debug|Any CPU
		{D7993D4D-2F80-4308-8291-A3DF323D20C7}.Release|Any CPU.ActiveCfg = Release|Any CPU
		{D7993D4D-2F80-4308-8291-A3DF323D20C7}.Release|Any CPU.Build.0 = Release|Any CPU
	EndGlobalSection
	GlobalSection(SolutionProperties) = preSolution
		HideSolutionNode = FALSE
	EndGlobalSection
	GlobalSection(ExtensibilityGlobals) = postSolution
		SolutionGuid = {C6AC7717-05BD-4434-82B2-D6F7D8E6FECE}
	EndGlobalSection
EndGlobal
