
Microsoft Visual Studio Solution File, Format Version 12.00
# Visual Studio Version 16
VisualStudioVersion = 16.0.28803.202
MinimumVisualStudioVersion = 10.0.40219.1
Project("{FAE04EC0-301F-11D3-BF4B-00C04F79EFBC}") = "Ejercicio-18", "Ejercicio-18\Ejercicio-18.csproj", "{75696B20-BB23-4B04-A2A0-6672D31A8442}"
EndProject
Global
	GlobalSection(SolutionConfigurationPlatforms) = preSolution
		Debug|Any CPU = Debug|Any CPU
		Release|Any CPU = Release|Any CPU
	EndGlobalSection
	GlobalSection(ProjectConfigurationPlatforms) = postSolution
		{75696B20-BB23-4B04-A2A0-6672D31A8442}.Debug|Any CPU.ActiveCfg = Debug|Any CPU
		{75696B20-BB23-4B04-A2A0-6672D31A8442}.Debug|Any CPU.Build.0 = Debug|Any CPU
		{75696B20-BB23-4B04-A2A0-6672D31A8442}.Release|Any CPU.ActiveCfg = Release|Any CPU
		{75696B20-BB23-4B04-A2A0-6672D31A8442}.Release|Any CPU.Build.0 = Release|Any CPU
	EndGlobalSection
	GlobalSection(SolutionProperties) = preSolution
		HideSolutionNode = FALSE
	EndGlobalSection
	GlobalSection(ExtensibilityGlobals) = postSolution
		SolutionGuid = {EE569391-92C3-44AA-B2D1-90C2936E9DAA}
	EndGlobalSection
EndGlobal
