
Microsoft Visual Studio Solution File, Format Version 12.00
# Visual Studio Version 16
VisualStudioVersion = 16.0.28803.202
MinimumVisualStudioVersion = 10.0.40219.1
Project("{FAE04EC0-301F-11D3-BF4B-00C04F79EFBC}") = "Ejercicio-11", "Ejercicio-11\Ejercicio-11.csproj", "{9E5CFDD1-ABBC-4256-9167-CE3B85DAF053}"
EndProject
Global
	GlobalSection(SolutionConfigurationPlatforms) = preSolution
		Debug|Any CPU = Debug|Any CPU
		Release|Any CPU = Release|Any CPU
	EndGlobalSection
	GlobalSection(ProjectConfigurationPlatforms) = postSolution
		{9E5CFDD1-ABBC-4256-9167-CE3B85DAF053}.Debug|Any CPU.ActiveCfg = Debug|Any CPU
		{9E5CFDD1-ABBC-4256-9167-CE3B85DAF053}.Debug|Any CPU.Build.0 = Debug|Any CPU
		{9E5CFDD1-ABBC-4256-9167-CE3B85DAF053}.Release|Any CPU.ActiveCfg = Release|Any CPU
		{9E5CFDD1-ABBC-4256-9167-CE3B85DAF053}.Release|Any CPU.Build.0 = Release|Any CPU
	EndGlobalSection
	GlobalSection(SolutionProperties) = preSolution
		HideSolutionNode = FALSE
	EndGlobalSection
	GlobalSection(ExtensibilityGlobals) = postSolution
		SolutionGuid = {37FF101A-C41F-4088-8FC9-956BC0A0D8DC}
	EndGlobalSection
EndGlobal
