
Microsoft Visual Studio Solution File, Format Version 12.00
# Visual Studio Version 16
VisualStudioVersion = 16.0.28803.202
MinimumVisualStudioVersion = 10.0.40219.1
Project("{FAE04EC0-301F-11D3-BF4B-00C04F79EFBC}") = "Ejercicio-24", "Ejercicio-24\Ejercicio-24.csproj", "{646D0022-0814-4A1D-AD1F-5314EEBFF0BD}"
EndProject
Global
	GlobalSection(SolutionConfigurationPlatforms) = preSolution
		Debug|Any CPU = Debug|Any CPU
		Release|Any CPU = Release|Any CPU
	EndGlobalSection
	GlobalSection(ProjectConfigurationPlatforms) = postSolution
		{646D0022-0814-4A1D-AD1F-5314EEBFF0BD}.Debug|Any CPU.ActiveCfg = Debug|Any CPU
		{646D0022-0814-4A1D-AD1F-5314EEBFF0BD}.Debug|Any CPU.Build.0 = Debug|Any CPU
		{646D0022-0814-4A1D-AD1F-5314EEBFF0BD}.Release|Any CPU.ActiveCfg = Release|Any CPU
		{646D0022-0814-4A1D-AD1F-5314EEBFF0BD}.Release|Any CPU.Build.0 = Release|Any CPU
	EndGlobalSection
	GlobalSection(SolutionProperties) = preSolution
		HideSolutionNode = FALSE
	EndGlobalSection
	GlobalSection(ExtensibilityGlobals) = postSolution
		SolutionGuid = {D26A2B15-41A3-49F5-8798-B0BF8BC227BD}
	EndGlobalSection
EndGlobal
