
Microsoft Visual Studio Solution File, Format Version 12.00
# Visual Studio Version 16
VisualStudioVersion = 16.0.28803.202
MinimumVisualStudioVersion = 10.0.40219.1
Project("{FAE04EC0-301F-11D3-BF4B-00C04F79EFBC}") = "Ejercicio-27", "Ejercicio-27\Ejercicio-27.csproj", "{A2244AD3-919C-4FAE-8691-F58026162819}"
EndProject
Global
	GlobalSection(SolutionConfigurationPlatforms) = preSolution
		Debug|Any CPU = Debug|Any CPU
		Release|Any CPU = Release|Any CPU
	EndGlobalSection
	GlobalSection(ProjectConfigurationPlatforms) = postSolution
		{A2244AD3-919C-4FAE-8691-F58026162819}.Debug|Any CPU.ActiveCfg = Debug|Any CPU
		{A2244AD3-919C-4FAE-8691-F58026162819}.Debug|Any CPU.Build.0 = Debug|Any CPU
		{A2244AD3-919C-4FAE-8691-F58026162819}.Release|Any CPU.ActiveCfg = Release|Any CPU
		{A2244AD3-919C-4FAE-8691-F58026162819}.Release|Any CPU.Build.0 = Release|Any CPU
	EndGlobalSection
	GlobalSection(SolutionProperties) = preSolution
		HideSolutionNode = FALSE
	EndGlobalSection
	GlobalSection(ExtensibilityGlobals) = postSolution
		SolutionGuid = {D2EF5461-D453-4070-9E97-77FC2DE103A6}
	EndGlobalSection
EndGlobal
