
Microsoft Visual Studio Solution File, Format Version 12.00
# Visual Studio Version 16
VisualStudioVersion = 16.0.28803.202
MinimumVisualStudioVersion = 10.0.40219.1
Project("{FAE04EC0-301F-11D3-BF4B-00C04F79EFBC}") = "Ejercicio-33", "Ejercicio-33\Ejercicio-33.csproj", "{678B4578-B47B-416C-8970-5BAF477DCD5B}"
EndProject
Global
	GlobalSection(SolutionConfigurationPlatforms) = preSolution
		Debug|Any CPU = Debug|Any CPU
		Release|Any CPU = Release|Any CPU
	EndGlobalSection
	GlobalSection(ProjectConfigurationPlatforms) = postSolution
		{678B4578-B47B-416C-8970-5BAF477DCD5B}.Debug|Any CPU.ActiveCfg = Debug|Any CPU
		{678B4578-B47B-416C-8970-5BAF477DCD5B}.Debug|Any CPU.Build.0 = Debug|Any CPU
		{678B4578-B47B-416C-8970-5BAF477DCD5B}.Release|Any CPU.ActiveCfg = Release|Any CPU
		{678B4578-B47B-416C-8970-5BAF477DCD5B}.Release|Any CPU.Build.0 = Release|Any CPU
	EndGlobalSection
	GlobalSection(SolutionProperties) = preSolution
		HideSolutionNode = FALSE
	EndGlobalSection
	GlobalSection(ExtensibilityGlobals) = postSolution
		SolutionGuid = {4C36AFE3-200A-4905-830C-57E2D25B0DCA}
	EndGlobalSection
EndGlobal
