
Microsoft Visual Studio Solution File, Format Version 12.00
# Visual Studio Version 16
VisualStudioVersion = 16.0.28803.202
MinimumVisualStudioVersion = 10.0.40219.1
Project("{FAE04EC0-301F-11D3-BF4B-00C04F79EFBC}") = "Ejercicio-31", "Ejercicio-31\Ejercicio-31.csproj", "{C4463B15-9589-430D-A62C-8BBA91500B7C}"
EndProject
Global
	GlobalSection(SolutionConfigurationPlatforms) = preSolution
		Debug|Any CPU = Debug|Any CPU
		Release|Any CPU = Release|Any CPU
	EndGlobalSection
	GlobalSection(ProjectConfigurationPlatforms) = postSolution
		{C4463B15-9589-430D-A62C-8BBA91500B7C}.Debug|Any CPU.ActiveCfg = Debug|Any CPU
		{C4463B15-9589-430D-A62C-8BBA91500B7C}.Debug|Any CPU.Build.0 = Debug|Any CPU
		{C4463B15-9589-430D-A62C-8BBA91500B7C}.Release|Any CPU.ActiveCfg = Release|Any CPU
		{C4463B15-9589-430D-A62C-8BBA91500B7C}.Release|Any CPU.Build.0 = Release|Any CPU
	EndGlobalSection
	GlobalSection(SolutionProperties) = preSolution
		HideSolutionNode = FALSE
	EndGlobalSection
	GlobalSection(ExtensibilityGlobals) = postSolution
		SolutionGuid = {F12365D4-5497-4152-93D7-003358E62773}
	EndGlobalSection
EndGlobal
