
Microsoft Visual Studio Solution File, Format Version 12.00
# Visual Studio Version 16
VisualStudioVersion = 16.0.28803.202
MinimumVisualStudioVersion = 10.0.40219.1
Project("{FAE04EC0-301F-11D3-BF4B-00C04F79EFBC}") = "Ejercicio-3", "Ejercicio-3\Ejercicio-3.csproj", "{9FDEA27E-0A29-4299-BB7A-41532AA2B028}"
EndProject
Global
	GlobalSection(SolutionConfigurationPlatforms) = preSolution
		Debug|Any CPU = Debug|Any CPU
		Release|Any CPU = Release|Any CPU
	EndGlobalSection
	GlobalSection(ProjectConfigurationPlatforms) = postSolution
		{9FDEA27E-0A29-4299-BB7A-41532AA2B028}.Debug|Any CPU.ActiveCfg = Debug|Any CPU
		{9FDEA27E-0A29-4299-BB7A-41532AA2B028}.Debug|Any CPU.Build.0 = Debug|Any CPU
		{9FDEA27E-0A29-4299-BB7A-41532AA2B028}.Release|Any CPU.ActiveCfg = Release|Any CPU
		{9FDEA27E-0A29-4299-BB7A-41532AA2B028}.Release|Any CPU.Build.0 = Release|Any CPU
	EndGlobalSection
	GlobalSection(SolutionProperties) = preSolution
		HideSolutionNode = FALSE
	EndGlobalSection
	GlobalSection(ExtensibilityGlobals) = postSolution
		SolutionGuid = {DD4DAF32-9542-45CB-A475-D587EF86F7E2}
	EndGlobalSection
EndGlobal
