
Microsoft Visual Studio Solution File, Format Version 12.00
# Visual Studio Version 16
VisualStudioVersion = 16.0.28803.202
MinimumVisualStudioVersion = 10.0.40219.1
Project("{FAE04EC0-301F-11D3-BF4B-00C04F79EFBC}") = "Ejercicio-5", "Ejercicio-5\Ejercicio-5.csproj", "{C1269CE6-11B3-4701-906C-8500DA83A340}"
EndProject
Global
	GlobalSection(SolutionConfigurationPlatforms) = preSolution
		Debug|Any CPU = Debug|Any CPU
		Release|Any CPU = Release|Any CPU
	EndGlobalSection
	GlobalSection(ProjectConfigurationPlatforms) = postSolution
		{C1269CE6-11B3-4701-906C-8500DA83A340}.Debug|Any CPU.ActiveCfg = Debug|Any CPU
		{C1269CE6-11B3-4701-906C-8500DA83A340}.Debug|Any CPU.Build.0 = Debug|Any CPU
		{C1269CE6-11B3-4701-906C-8500DA83A340}.Release|Any CPU.ActiveCfg = Release|Any CPU
		{C1269CE6-11B3-4701-906C-8500DA83A340}.Release|Any CPU.Build.0 = Release|Any CPU
	EndGlobalSection
	GlobalSection(SolutionProperties) = preSolution
		HideSolutionNode = FALSE
	EndGlobalSection
	GlobalSection(ExtensibilityGlobals) = postSolution
		SolutionGuid = {D353E3FF-D530-43E7-BEE2-9808E9D86BBD}
	EndGlobalSection
EndGlobal
